<?xml version="1.0" encoding="utf-8"?>
<Project ToolsVersion="4.0" xmlns="http://schemas.microsoft.com/developer/msbuild/2003">
  <ItemGroup>
    <ClCompile Include="App.cpp" />
    <ClCompile Include="Ball.cpp" />
    <ClCompile Include="Bar.cpp" />
    <ClCompile Include="Block.cpp" />
  </ItemGroup>
  <ItemGroup>
    <ClInclude Include="Bar.h" />
    <ClInclude Include="Ball.h" />
    <ClInclude Include="Block.h" />
    <ClInclude Include="Timer.h" />
  </ItemGroup>
  <ItemGroup>
    <None Include="packages.config" />
  </ItemGroup>
</Project>